# This file is automatically @generated by Cargo.
# It is not intended for manual editing.
version = 4

[[package]]
name = "abes_nice_things"
version = "0.2.0"
source = "git+https://github.com/Course-Brains/abes_nice_things.git?rev=5e7dbe8#5e7dbe801b284ec9a83f7820f6ea3bab3950ab7e"

[[package]]
name = "messenger"
version = "0.1.0"
dependencies = [
 "abes_nice_things",
]
